
Microsoft Visual Studio Solution File, Format Version 12.00
# Visual Studio Version 17
VisualStudioVersion = 17.10.35004.147
MinimumVisualStudioVersion = 10.0.40219.1
Project("{FAE04EC0-301F-11D3-BF4B-00C04F79EFBC}") = "Esercitazione_19_07", "Esercitazione_19_07.csproj", "{595292FA-0D6C-4437-8779-00634D7095F4}"
EndProject
Global
	GlobalSection(SolutionConfigurationPlatforms) = preSolution
		Debug|Any CPU = Debug|Any CPU
		Release|Any CPU = Release|Any CPU
	EndGlobalSection
	GlobalSection(ProjectConfigurationPlatforms) = postSolution
		{595292FA-0D6C-4437-8779-00634D7095F4}.Debug|Any CPU.ActiveCfg = Debug|Any CPU
		{595292FA-0D6C-4437-8779-00634D7095F4}.Debug|Any CPU.Build.0 = Debug|Any CPU
		{595292FA-0D6C-4437-8779-00634D7095F4}.Release|Any CPU.ActiveCfg = Release|Any CPU
		{595292FA-0D6C-4437-8779-00634D7095F4}.Release|Any CPU.Build.0 = Release|Any CPU
	EndGlobalSection
	GlobalSection(SolutionProperties) = preSolution
		HideSolutionNode = FALSE
	EndGlobalSection
	GlobalSection(ExtensibilityGlobals) = postSolution
		SolutionGuid = {D8BBA44E-2C97-477B-A00C-8C5130A9A723}
	EndGlobalSection
EndGlobal
